
Microsoft Visual Studio Solution File, Format Version 12.00
# Visual Studio 14
VisualStudioVersion = 14.0.25420.1
MinimumVisualStudioVersion = 10.0.40219.1
Project("{FAE04EC0-301F-11D3-BF4B-00C04F79EFBC}") = "LabsUnitTesting", "LabsUnitTesting\LabsUnitTesting.csproj", "{89EE2833-9EFD-46D1-8243-0B7869062FC7}"
EndProject
Project("{FAE04EC0-301F-11D3-BF4B-00C04F79EFBC}") = "Lab1", "..\Lab1\Lab1\Lab1.csproj", "{6D172C1C-F085-46EB-BAA4-473D3825F262}"
EndProject
Global
	GlobalSection(SolutionConfigurationPlatforms) = preSolution
		Debug|Any CPU = Debug|Any CPU
		Release|Any CPU = Release|Any CPU
	EndGlobalSection
	GlobalSection(ProjectConfigurationPlatforms) = postSolution
		{89EE2833-9EFD-46D1-8243-0B7869062FC7}.Debug|Any CPU.ActiveCfg = Debug|Any CPU
		{89EE2833-9EFD-46D1-8243-0B7869062FC7}.Debug|Any CPU.Build.0 = Debug|Any CPU
		{89EE2833-9EFD-46D1-8243-0B7869062FC7}.Release|Any CPU.ActiveCfg = Release|Any CPU
		{89EE2833-9EFD-46D1-8243-0B7869062FC7}.Release|Any CPU.Build.0 = Release|Any CPU
		{6D172C1C-F085-46EB-BAA4-473D3825F262}.Debug|Any CPU.ActiveCfg = Debug|Any CPU
		{6D172C1C-F085-46EB-BAA4-473D3825F262}.Debug|Any CPU.Build.0 = Debug|Any CPU
		{6D172C1C-F085-46EB-BAA4-473D3825F262}.Release|Any CPU.ActiveCfg = Release|Any CPU
		{6D172C1C-F085-46EB-BAA4-473D3825F262}.Release|Any CPU.Build.0 = Release|Any CPU
	EndGlobalSection
	GlobalSection(SolutionProperties) = preSolution
		HideSolutionNode = FALSE
	EndGlobalSection
EndGlobal
