
Microsoft Visual Studio Solution File, Format Version 12.00
# Visual Studio 14
VisualStudioVersion = 14.0.25420.1
MinimumVisualStudioVersion = 10.0.40219.1
Project("{FAE04EC0-301F-11D3-BF4B-00C04F79EFBC}") = "Lab1", "Lab1\Lab1.csproj", "{6D172C1C-F085-46EB-BAA4-473D3825F262}"
EndProject
Project("{FAE04EC0-301F-11D3-BF4B-00C04F79EFBC}") = "LabsUnitTesting", "..\LabsUnitTesting\LabsUnitTesting\LabsUnitTesting.csproj", "{89EE2833-9EFD-46D1-8243-0B7869062FC7}"
EndProject
Project("{FAE04EC0-301F-11D3-BF4B-00C04F79EFBC}") = "Lab2", "Lab2\Lab2.csproj", "{BE1BAE60-1269-4FEE-AA52-36B84C9F9D7B}"
EndProject
Project("{FAE04EC0-301F-11D3-BF4B-00C04F79EFBC}") = "Lab3", "Lab3\Lab3.csproj", "{A7C5C73C-D77A-4BA1-933A-49177EED21F0}"
EndProject
Project("{FAE04EC0-301F-11D3-BF4B-00C04F79EFBC}") = "Lab4", "Lab4\Lab4.csproj", "{7C1AF407-79C9-43A4-9694-3CDB1FEF755C}"
EndProject
Project("{FAE04EC0-301F-11D3-BF4B-00C04F79EFBC}") = "Lab5", "Lab5\Lab5.csproj", "{2351A3E6-67A9-4CD8-BE4D-D6A31285F90E}"
EndProject
Project("{FAE04EC0-301F-11D3-BF4B-00C04F79EFBC}") = "Lab6", "Lab6\Lab6.csproj", "{E75E1ABC-16AF-4633-B6DE-5FD7991786EF}"
EndProject
Project("{FAE04EC0-301F-11D3-BF4B-00C04F79EFBC}") = "Lab7", "Lab7\Lab7.csproj", "{6D6FB33D-6D25-4F3A-A7D2-FB2D1F7913E4}"
EndProject
Global
	GlobalSection(SolutionConfigurationPlatforms) = preSolution
		Debug|Any CPU = Debug|Any CPU
		Release|Any CPU = Release|Any CPU
	EndGlobalSection
	GlobalSection(ProjectConfigurationPlatforms) = postSolution
		{6D172C1C-F085-46EB-BAA4-473D3825F262}.Debug|Any CPU.ActiveCfg = Debug|Any CPU
		{6D172C1C-F085-46EB-BAA4-473D3825F262}.Debug|Any CPU.Build.0 = Debug|Any CPU
		{6D172C1C-F085-46EB-BAA4-473D3825F262}.Release|Any CPU.ActiveCfg = Release|Any CPU
		{6D172C1C-F085-46EB-BAA4-473D3825F262}.Release|Any CPU.Build.0 = Release|Any CPU
		{89EE2833-9EFD-46D1-8243-0B7869062FC7}.Debug|Any CPU.ActiveCfg = Debug|Any CPU
		{89EE2833-9EFD-46D1-8243-0B7869062FC7}.Debug|Any CPU.Build.0 = Debug|Any CPU
		{89EE2833-9EFD-46D1-8243-0B7869062FC7}.Release|Any CPU.ActiveCfg = Release|Any CPU
		{89EE2833-9EFD-46D1-8243-0B7869062FC7}.Release|Any CPU.Build.0 = Release|Any CPU
		{BE1BAE60-1269-4FEE-AA52-36B84C9F9D7B}.Debug|Any CPU.ActiveCfg = Debug|Any CPU
		{BE1BAE60-1269-4FEE-AA52-36B84C9F9D7B}.Debug|Any CPU.Build.0 = Debug|Any CPU
		{BE1BAE60-1269-4FEE-AA52-36B84C9F9D7B}.Release|Any CPU.ActiveCfg = Release|Any CPU
		{BE1BAE60-1269-4FEE-AA52-36B84C9F9D7B}.Release|Any CPU.Build.0 = Release|Any CPU
		{A7C5C73C-D77A-4BA1-933A-49177EED21F0}.Debug|Any CPU.ActiveCfg = Debug|Any CPU
		{A7C5C73C-D77A-4BA1-933A-49177EED21F0}.Debug|Any CPU.Build.0 = Debug|Any CPU
		{A7C5C73C-D77A-4BA1-933A-49177EED21F0}.Release|Any CPU.ActiveCfg = Release|Any CPU
		{A7C5C73C-D77A-4BA1-933A-49177EED21F0}.Release|Any CPU.Build.0 = Release|Any CPU
		{7C1AF407-79C9-43A4-9694-3CDB1FEF755C}.Debug|Any CPU.ActiveCfg = Debug|Any CPU
		{7C1AF407-79C9-43A4-9694-3CDB1FEF755C}.Debug|Any CPU.Build.0 = Debug|Any CPU
		{7C1AF407-79C9-43A4-9694-3CDB1FEF755C}.Release|Any CPU.ActiveCfg = Release|Any CPU
		{7C1AF407-79C9-43A4-9694-3CDB1FEF755C}.Release|Any CPU.Build.0 = Release|Any CPU
		{2351A3E6-67A9-4CD8-BE4D-D6A31285F90E}.Debug|Any CPU.ActiveCfg = Debug|Any CPU
		{2351A3E6-67A9-4CD8-BE4D-D6A31285F90E}.Debug|Any CPU.Build.0 = Debug|Any CPU
		{2351A3E6-67A9-4CD8-BE4D-D6A31285F90E}.Release|Any CPU.ActiveCfg = Release|Any CPU
		{2351A3E6-67A9-4CD8-BE4D-D6A31285F90E}.Release|Any CPU.Build.0 = Release|Any CPU
		{E75E1ABC-16AF-4633-B6DE-5FD7991786EF}.Debug|Any CPU.ActiveCfg = Debug|Any CPU
		{E75E1ABC-16AF-4633-B6DE-5FD7991786EF}.Debug|Any CPU.Build.0 = Debug|Any CPU
		{E75E1ABC-16AF-4633-B6DE-5FD7991786EF}.Release|Any CPU.ActiveCfg = Release|Any CPU
		{E75E1ABC-16AF-4633-B6DE-5FD7991786EF}.Release|Any CPU.Build.0 = Release|Any CPU
		{6D6FB33D-6D25-4F3A-A7D2-FB2D1F7913E4}.Debug|Any CPU.ActiveCfg = Debug|Any CPU
		{6D6FB33D-6D25-4F3A-A7D2-FB2D1F7913E4}.Debug|Any CPU.Build.0 = Debug|Any CPU
		{6D6FB33D-6D25-4F3A-A7D2-FB2D1F7913E4}.Release|Any CPU.ActiveCfg = Release|Any CPU
		{6D6FB33D-6D25-4F3A-A7D2-FB2D1F7913E4}.Release|Any CPU.Build.0 = Release|Any CPU
	EndGlobalSection
	GlobalSection(SolutionProperties) = preSolution
		HideSolutionNode = FALSE
	EndGlobalSection
EndGlobal
